
Microsoft Visual Studio Solution File, Format Version 12.00
# Visual Studio Version 17
VisualStudioVersion = 17.7.34202.233
MinimumVisualStudioVersion = 10.0.40219.1
Project("{FAE04EC0-301F-11D3-BF4B-00C04F79EFBC}") = "POOMANI SUPERMARKET", "POOMANI SUPERMARKET\POOMANI SUPERMARKET.csproj", "{CF3C2D6C-9CE8-4019-872D-F52523ADA99B}"
EndProject
Global
	GlobalSection(SolutionConfigurationPlatforms) = preSolution
		Debug|Any CPU = Debug|Any CPU
		Release|Any CPU = Release|Any CPU
	EndGlobalSection
	GlobalSection(ProjectConfigurationPlatforms) = postSolution
		{CF3C2D6C-9CE8-4019-872D-F52523ADA99B}.Debug|Any CPU.ActiveCfg = Debug|Any CPU
		{CF3C2D6C-9CE8-4019-872D-F52523ADA99B}.Debug|Any CPU.Build.0 = Debug|Any CPU
		{CF3C2D6C-9CE8-4019-872D-F52523ADA99B}.Release|Any CPU.ActiveCfg = Release|Any CPU
		{CF3C2D6C-9CE8-4019-872D-F52523ADA99B}.Release|Any CPU.Build.0 = Release|Any CPU
	EndGlobalSection
	GlobalSection(SolutionProperties) = preSolution
		HideSolutionNode = FALSE
	EndGlobalSection
	GlobalSection(ExtensibilityGlobals) = postSolution
		SolutionGuid = {2584AB58-A7B6-4EF3-89C6-E0E50FCFF8C7}
	EndGlobalSection
EndGlobal
